<?xml version="1.0" encoding="utf-8"?>
<Project ToolsVersion="4.0" xmlns="http://schemas.microsoft.com/developer/msbuild/2003">
  <ItemGroup>
    <ClCompile Include="main.cpp" />
    <ClCompile Include="..\source\CSVFile.cpp" />
    <ClCompile Include="..\source\Game.cpp" />
    <ClCompile Include="..\source\log.cpp" />
    <ClCompile Include="..\source\RandomPredictionAlgorithm.cpp" />
    <ClCompile Include="..\..\..\..\Google Drive\Lottery\Source\PredictionAlgorithmA.cpp" />
  </ItemGroup>
  <ItemGroup>
    <ClInclude Include="..\source\addToContainer.hpp" />
    <ClInclude Include="..\source\calcAllColumnsCount.hpp" />
    <ClInclude Include="..\source\createPermutations.hpp" />
    <ClInclude Include="..\source\createRows.hpp" />
    <ClInclude Include="..\source\CSVFile.hpp" />
    <ClInclude Include="..\source\Double.hpp" />
    <ClInclude Include="..\source\Draw.hpp" />
    <ClInclude Include="..\source\DrawVector.hpp" />
    <ClInclude Include="..\source\DynamicStackArray.hpp" />
    <ClInclude Include="..\source\Game.hpp" />
    <ClInclude Include="..\source\Hash.hpp" />
    <ClInclude Include="..\source\Log.hpp" />
    <ClInclude Include="..\source\Matrix.hpp" />
    <ClInclude Include="..\source\Number.hpp" />
    <ClInclude Include="..\source\output.hpp" />
    <ClInclude Include="..\source\ParameterPack.hpp" />
    <ClInclude Include="..\source\PredictionAlgorithm.hpp" />
    <ClInclude Include="..\source\PredictionAlgorithmA.hpp" />
    <ClInclude Include="..\source\Profile.hpp" />
    <ClInclude Include="..\source\RandomPredictionAlgorithm.hpp" />
    <ClInclude Include="..\source\Range.hpp" />
    <ClInclude Include="..\source\SubGame.hpp" />
    <ClInclude Include="..\source\toString.hpp" />
    <ClInclude Include="..\source\Tuple.hpp" />
    <ClInclude Include="..\source\VectorComparator.hpp" />
  </ItemGroup>
</Project>