<?xml version="1.0" encoding="utf-8"?>
<Project ToolsVersion="4.0" xmlns="http://schemas.microsoft.com/developer/msbuild/2003">
  <ItemGroup>
    <ClCompile Include="..\..\..\source\Game.cpp" />
    <ClCompile Include="..\..\..\source\PredictionAlgorithm_Random.cpp" />
    <ClCompile Include="..\..\..\source\TestMain.cpp" />
    <ClCompile Include="..\..\..\..\..\..\Google Drive\Lottery\LotteryPrivate\PredictionAlgorithm_A.cpp" />
  </ItemGroup>
  <ItemGroup>
    <ClInclude Include="..\..\..\source\Algorithm.hpp" />
    <ClInclude Include="..\..\..\source\ContainerComparator.hpp" />
    <ClInclude Include="..\..\..\source\CSVFile.hpp" />
    <ClInclude Include="..\..\..\source\CSVInputFileStream.hpp" />
    <ClInclude Include="..\..\..\source\CSVOutputFileStream.hpp" />
    <ClInclude Include="..\..\..\source\CSVWhitespace.hpp" />
    <ClInclude Include="..\..\..\source\Draw.hpp" />
    <ClInclude Include="..\..\..\source\Game.hpp" />
    <ClInclude Include="..\..\..\source\Number.hpp" />
    <ClInclude Include="..\..\..\source\PatternMatching.hpp" />
    <ClInclude Include="..\..\..\source\PredictionAlgorithm.hpp" />
    <ClInclude Include="..\..\..\source\PredictionAlgorithm_A.hpp" />
    <ClInclude Include="..\..\..\source\PredictionAlgorithm_Random.hpp" />
    <ClInclude Include="..\..\..\source\Random.hpp" />
    <ClInclude Include="..\..\..\source\Range.hpp" />
    <ClInclude Include="..\..\..\source\String.hpp" />
    <ClInclude Include="..\..\..\source\Tuple.hpp" />
    <ClInclude Include="..\..\..\source\Vector2.hpp" />
  </ItemGroup>
</Project>