<?xml version="1.0" encoding="utf-8"?>
<Project ToolsVersion="4.0" xmlns="http://schemas.microsoft.com/developer/msbuild/2003">
  <ItemGroup>
    <ClCompile Include="main.cpp" />
    <ClCompile Include="..\..\source\CSVFile.cpp" />
    <ClCompile Include="..\..\source\Game.cpp" />
  </ItemGroup>
  <ItemGroup>
    <ClInclude Include="..\source\CSVFile.hpp" />
    <ClInclude Include="..\source\Draw.hpp" />
    <ClInclude Include="..\source\DrawVector.hpp" />
    <ClInclude Include="..\source\Game.hpp" />
    <ClInclude Include="..\source\Matrix.hpp" />
    <ClInclude Include="..\..\source\toString.hpp" />
  </ItemGroup>
</Project>